
Microsoft Visual Studio Solution File, Format Version 12.00
# Visual Studio Version 17
VisualStudioVersion = 17.9.34728.123
MinimumVisualStudioVersion = 10.0.40219.1
Project("{9A19103F-16F7-4668-BE54-9A1E7A4F7556}") = "DevFreela.API", "DevFreela.API\DevFreela.API.csproj", "{26D9A928-0701-489D-8221-A2003B83AF3B}"
EndProject
Project("{9A19103F-16F7-4668-BE54-9A1E7A4F7556}") = "DevFreela.Core", "DevFreela.Core\DevFreela.Core.csproj", "{13A9A5AC-ACCE-44B3-BDBB-EEFC2E1DAC2A}"
EndProject
Project("{9A19103F-16F7-4668-BE54-9A1E7A4F7556}") = "DevFreela.Infrastucture", "DevFreela.Infrastucture\DevFreela.Infrastucture.csproj", "{0FD08098-7C24-4554-B7ED-4F08D0908450}"
EndProject
Project("{9A19103F-16F7-4668-BE54-9A1E7A4F7556}") = "DevFreela.Application", "DevFreela.Application\DevFreela.Application.csproj", "{65EAF5F5-43E1-4D6F-87DA-10AB9C702496}"
EndProject
Project("{FAE04EC0-301F-11D3-BF4B-00C04F79EFBC}") = "DevFreela.UnitTests", "DevFreela.UnitTests\DevFreela.UnitTests.csproj", "{0E6FFDC5-090E-47F5-8117-32E157900F51}"
EndProject
Global
	GlobalSection(SolutionConfigurationPlatforms) = preSolution
		Debug|Any CPU = Debug|Any CPU
		Release|Any CPU = Release|Any CPU
	EndGlobalSection
	GlobalSection(ProjectConfigurationPlatforms) = postSolution
		{26D9A928-0701-489D-8221-A2003B83AF3B}.Debug|Any CPU.ActiveCfg = Debug|Any CPU
		{26D9A928-0701-489D-8221-A2003B83AF3B}.Debug|Any CPU.Build.0 = Debug|Any CPU
		{26D9A928-0701-489D-8221-A2003B83AF3B}.Release|Any CPU.ActiveCfg = Release|Any CPU
		{26D9A928-0701-489D-8221-A2003B83AF3B}.Release|Any CPU.Build.0 = Release|Any CPU
		{13A9A5AC-ACCE-44B3-BDBB-EEFC2E1DAC2A}.Debug|Any CPU.ActiveCfg = Debug|Any CPU
		{13A9A5AC-ACCE-44B3-BDBB-EEFC2E1DAC2A}.Debug|Any CPU.Build.0 = Debug|Any CPU
		{13A9A5AC-ACCE-44B3-BDBB-EEFC2E1DAC2A}.Release|Any CPU.ActiveCfg = Release|Any CPU
		{13A9A5AC-ACCE-44B3-BDBB-EEFC2E1DAC2A}.Release|Any CPU.Build.0 = Release|Any CPU
		{0FD08098-7C24-4554-B7ED-4F08D0908450}.Debug|Any CPU.ActiveCfg = Debug|Any CPU
		{0FD08098-7C24-4554-B7ED-4F08D0908450}.Debug|Any CPU.Build.0 = Debug|Any CPU
		{0FD08098-7C24-4554-B7ED-4F08D0908450}.Release|Any CPU.ActiveCfg = Release|Any CPU
		{0FD08098-7C24-4554-B7ED-4F08D0908450}.Release|Any CPU.Build.0 = Release|Any CPU
		{65EAF5F5-43E1-4D6F-87DA-10AB9C702496}.Debug|Any CPU.ActiveCfg = Debug|Any CPU
		{65EAF5F5-43E1-4D6F-87DA-10AB9C702496}.Debug|Any CPU.Build.0 = Debug|Any CPU
		{65EAF5F5-43E1-4D6F-87DA-10AB9C702496}.Release|Any CPU.ActiveCfg = Release|Any CPU
		{65EAF5F5-43E1-4D6F-87DA-10AB9C702496}.Release|Any CPU.Build.0 = Release|Any CPU
		{0E6FFDC5-090E-47F5-8117-32E157900F51}.Debug|Any CPU.ActiveCfg = Debug|Any CPU
		{0E6FFDC5-090E-47F5-8117-32E157900F51}.Debug|Any CPU.Build.0 = Debug|Any CPU
		{0E6FFDC5-090E-47F5-8117-32E157900F51}.Release|Any CPU.ActiveCfg = Release|Any CPU
		{0E6FFDC5-090E-47F5-8117-32E157900F51}.Release|Any CPU.Build.0 = Release|Any CPU
	EndGlobalSection
	GlobalSection(SolutionProperties) = preSolution
		HideSolutionNode = FALSE
	EndGlobalSection
	GlobalSection(ExtensibilityGlobals) = postSolution
		SolutionGuid = {2808B252-777D-4E4E-AEE0-C98F4AB7F969}
	EndGlobalSection
EndGlobal
